// !$*UTF8*$!
{
	archiveVersion = 1;
	classes = {
	};
	objectVersion = 46;
	objects = {

/* Begin PBXBuildFile section */
		6BE5FD6A1EF93D9900773527 /* AppDelegate.swift in Sources */ = {isa = PBXBuildFile; fileRef = 6BE5FD691EF93D9900773527 /* AppDelegate.swift */; };
		6BE5FD6C1EF93D9900773527 /* ViewController.swift in Sources */ = {isa = PBXBuildFile; fileRef = 6BE5FD6B1EF93D9900773527 /* ViewController.swift */; };
		6BE5FD6F1EF93D9900773527 /* Main.storyboard in Resources */ = {isa = PBXBuildFile; fileRef = 6BE5FD6D1EF93D9900773527 /* Main.storyboard */; };
		6BE5FD711EF93D9900773527 /* Assets.xcassets in Resources */ = {isa = PBXBuildFile; fileRef = 6BE5FD701EF93D9900773527 /* Assets.xcassets */; };
		6BE5FD741EF93D9900773527 /* LaunchScreen.storyboard in Resources */ = {isa = PBXBuildFile; fileRef = 6BE5FD721EF93D9900773527 /* LaunchScreen.storyboard */; };
		6BE5FD7F1EF93D9900773527 /* HelloWorldTests.swift in Sources */ = {isa = PBXBuildFile; fileRef = 6BE5FD7E1EF93D9900773527 /* HelloWorldTests.swift */; };
		6BE5FD8A1EF93D9900773527 /* HelloWorldUITests.swift in Sources */ = {isa = PBXBuildFile; fileRef = 6BE5FD891EF93D9900773527 /* HelloWorldUITests.swift */; };
/* End PBXBuildFile section */

/* Begin PBXContainerItemProxy section */
		6BE5FD7B1EF93D9900773527 /* PBXContainerItemProxy */ = {
			isa = PBXContainerItemProxy;
			containerPortal = 6BE5FD5E1EF93D9900773527 /* Project object */;
			proxyType = 1;
			remoteGlobalIDString = 6BE5FD651EF93D9900773527;
			remoteInfo = HelloWorld;
		};
		6BE5FD861EF93D9900773527 /* PBXContainerItemProxy */ = {
			isa = PBXContainerItemProxy;
			containerPortal = 6BE5FD5E1EF93D9900773527 /* Project object */;
			proxyType = 1;
			remoteGlobalIDString = 6BE5FD651EF93D9900773527;
			remoteInfo = HelloWorld;
		};
/* End PBXContainerItemProxy section */

/* Begin PBXFileReference section */
		6BE5FD661EF93D9900773527 /* HelloWorld.app */ = {isa = PBXFileReference; explicitFileType = wrapper.application; includeInIndex = 0; path = HelloWorld.app; sourceTree = BUILT_PRODUCTS_DIR; };
		6BE5FD691EF93D9900773527 /* AppDelegate.swift */ = {isa = PBXFileReference; lastKnownFileType = sourcecode.swift; path = AppDelegate.swift; sourceTree = "<group>"; };
		6BE5FD6B1EF93D9900773527 /* ViewController.swift */ = {isa = PBXFileReference; lastKnownFileType = sourcecode.swift; path = ViewController.swift; sourceTree = "<group>"; };
		6BE5FD6E1EF93D9900773527 /* Base */ = {isa = PBXFileReference; lastKnownFileType = file.storyboard; name = Base; path = Base.lproj/Main.storyboard; sourceTree = "<group>"; };
		6BE5FD701EF93D9900773527 /* Assets.xcassets */ = {isa = PBXFileReference; lastKnownFileType = folder.assetcatalog; path = Assets.xcassets; sourceTree = "<group>"; };
		6BE5FD731EF93D9900773527 /* Base */ = {isa = PBXFileReference; lastKnownFileType = file.storyboard; name = Base; path = Base.lproj/LaunchScreen.storyboard; sourceTree = "<group>"; };
		6BE5FD751EF93D9900773527 /* Info.plist */ = {isa = PBXFileReference; lastKnownFileType = text.plist.xml; path = Info.plist; sourceTree = "<group>"; };
		6BE5FD7A1EF93D9900773527 /* HelloWorldTests.xctest */ = {isa = PBXFileReference; explicitFileType = wrapper.cfbundle; includeInIndex = 0; path = HelloWorldTests.xctest; sourceTree = BUILT_PRODUCTS_DIR; };
		6BE5FD7E1EF93D9900773527 /* HelloWorldTests.swift */ = {isa = PBXFileReference; lastKnownFileType = sourcecode.swift; path = HelloWorldTests.swift; sourceTree = "<group>"; };
		6BE5FD801EF93D9900773527 /* Info.plist */ = {isa = PBXFileReference; lastKnownFileType = text.plist.xml; path = Info.plist; sourceTree = "<group>"; };
		6BE5FD851EF93D9900773527 /* HelloWorldUITests.xctest */ = {isa = PBXFileReference; explicitFileType = wrapper.cfbundle; includeInIndex = 0; path = HelloWorldUITests.xctest; sourceTree = BUILT_PRODUCTS_DIR; };
		6BE5FD891EF93D9900773527 /* HelloWorldUITests.swift */ = {isa = PBXFileReference; lastKnownFileType = sourcecode.swift; path = HelloWorldUITests.swift; sourceTree = "<group>"; };
		6BE5FD8B1EF93D9900773527 /* Info.plist */ = {isa = PBXFileReference; lastKnownFileType = text.plist.xml; path = Info.plist; sourceTree = "<group>"; };
/* End PBXFileReference section */

/* Begin PBXFrameworksBuildPhase section */
		6BE5FD631EF93D9900773527 /* Frameworks */ = {
			isa = PBXFrameworksBuildPhase;
			buildActionMask = 2147483647;
			files = (
			);
			runOnlyForDeploymentPostprocessing = 0;
		};
		6BE5FD771EF93D9900773527 /* Frameworks */ = {
			isa = PBXFrameworksBuildPhase;
			buildActionMask = 2147483647;
			files = (
			);
			runOnlyForDeploymentPostprocessing = 0;
		};
		6BE5FD821EF93D9900773527 /* Frameworks */ = {
			isa = PBXFrameworksBuildPhase;
			buildActionMask = 2147483647;
			files = (
			);
			runOnlyForDeploymentPostprocessing = 0;
		};
/* End PBXFrameworksBuildPhase section */

/* Begin PBXGroup section */
		6BE5FD5D1EF93D9900773527 = {
			isa = PBXGroup;
			children = (
				6BE5FD681EF93D9900773527 /* HelloWorld */,
				6BE5FD7D1EF93D9900773527 /* HelloWorldTests */,
				6BE5FD881EF93D9900773527 /* HelloWorldUITests */,
				6BE5FD671EF93D9900773527 /* Products */,
			);
			sourceTree = "<group>";
		};
		6BE5FD671EF93D9900773527 /* Products */ = {
			isa = PBXGroup;
			children = (
				6BE5FD661EF93D9900773527 /* HelloWorld.app */,
				6BE5FD7A1EF93D9900773527 /* HelloWorldTests.xctest */,
				6BE5FD851EF93D9900773527 /* HelloWorldUITests.xctest */,
			);
			name = Products;
			sourceTree = "<group>";
		};
		6BE5FD681EF93D9900773527 /* HelloWorld */ = {
			isa = PBXGroup;
			children = (
				6BE5FD691EF93D9900773527 /* AppDelegate.swift */,
				6BE5FD6B1EF93D9900773527 /* ViewController.swift */,
				6BE5FD6D1EF93D9900773527 /* Main.storyboard */,
				6BE5FD701EF93D9900773527 /* Assets.xcassets */,
				6BE5FD721EF93D9900773527 /* LaunchScreen.storyboard */,
				6BE5FD751EF93D9900773527 /* Info.plist */,
			);
			path = HelloWorld;
			sourceTree = "<group>";
		};
		6BE5FD7D1EF93D9900773527 /* HelloWorldTests */ = {
			isa = PBXGroup;
			children = (
				6BE5FD7E1EF93D9900773527 /* HelloWorldTests.swift */,
				6BE5FD801EF93D9900773527 /* Info.plist */,
			);
			path = HelloWorldTests;
			sourceTree = "<group>";
		};
		6BE5FD881EF93D9900773527 /* HelloWorldUITests */ = {
			isa = PBXGroup;
			children = (
				6BE5FD891EF93D9900773527 /* HelloWorldUITests.swift */,
				6BE5FD8B1EF93D9900773527 /* Info.plist */,
			);
			path = HelloWorldUITests;
			sourceTree = "<group>";
		};
/* End PBXGroup section */

/* Begin PBXNativeTarget section */
		6BE5FD651EF93D9900773527 /* HelloWorld */ = {
			isa = PBXNativeTarget;
			buildConfigurationList = 6BE5FD8E1EF93D9900773527 /* Build configuration list for PBXNativeTarget "HelloWorld" */;
			buildPhases = (
				6BE5FD621EF93D9900773527 /* Sources */,
				6BE5FD631EF93D9900773527 /* Frameworks */,
				6BE5FD641EF93D9900773527 /* Resources */,
			);
			buildRules = (
			);
			dependencies = (
			);
			name = HelloWorld;
			productName = HelloWorld;
			productReference = 6BE5FD661EF93D9900773527 /* HelloWorld.app */;
			productType = "com.apple.product-type.application";
		};
		6BE5FD791EF93D9900773527 /* HelloWorldTests */ = {
			isa = PBXNativeTarget;
			buildConfigurationList = 6BE5FD911EF93D9900773527 /* Build configuration list for PBXNativeTarget "HelloWorldTests" */;
			buildPhases = (
				6BE5FD761EF93D9900773527 /* Sources */,
				6BE5FD771EF93D9900773527 /* Frameworks */,
				6BE5FD781EF93D9900773527 /* Resources */,
			);
			buildRules = (
			);
			dependencies = (
				6BE5FD7C1EF93D9900773527 /* PBXTargetDependency */,
			);
			name = HelloWorldTests;
			productName = HelloWorldTests;
			productReference = 6BE5FD7A1EF93D9900773527 /* HelloWorldTests.xctest */;
			productType = "com.apple.product-type.bundle.unit-test";
		};
		6BE5FD841EF93D9900773527 /* HelloWorldUITests */ = {
			isa = PBXNativeTarget;
			buildConfigurationList = 6BE5FD941EF93D9900773527 /* Build configuration list for PBXNativeTarget "HelloWorldUITests" */;
			buildPhases = (
				6BE5FD811EF93D9900773527 /* Sources */,
				6BE5FD821EF93D9900773527 /* Frameworks */,
				6BE5FD831EF93D9900773527 /* Resources */,
			);
			buildRules = (
			);
			dependencies = (
				6BE5FD871EF93D9900773527 /* PBXTargetDependency */,
			);
			name = HelloWorldUITests;
			productName = HelloWorldUITests;
			productReference = 6BE5FD851EF93D9900773527 /* HelloWorldUITests.xctest */;
			productType = "com.apple.product-type.bundle.ui-testing";
		};
/* End PBXNativeTarget section */

/* Begin PBXProject section */
		6BE5FD5E1EF93D9900773527 /* Project object */ = {
			isa = PBXProject;
			attributes = {
				LastSwiftUpdateCheck = 0830;
				LastUpgradeCheck = 0830;
				ORGANIZATIONNAME = takashi0724;
				TargetAttributes = {
					6BE5FD651EF93D9900773527 = {
						CreatedOnToolsVersion = 8.3.3;
						ProvisioningStyle = Automatic;
					};
					6BE5FD791EF93D9900773527 = {
						CreatedOnToolsVersion = 8.3.3;
						ProvisioningStyle = Automatic;
						TestTargetID = 6BE5FD651EF93D9900773527;
					};
					6BE5FD841EF93D9900773527 = {
						CreatedOnToolsVersion = 8.3.3;
						ProvisioningStyle = Automatic;
						TestTargetID = 6BE5FD651EF93D9900773527;
					};
				};
			};
			buildConfigurationList = 6BE5FD611EF93D9900773527 /* Build configuration list for PBXProject "HelloWorld" */;
			compatibilityVersion = "Xcode 3.2";
			developmentRegion = English;
			hasScannedForEncodings = 0;
			knownRegions = (
				en,
				Base,
			);
			mainGroup = 6BE5FD5D1EF93D9900773527;
			productRefGroup = 6BE5FD671EF93D9900773527 /* Products */;
			projectDirPath = "";
			projectRoot = "";
			targets = (
				6BE5FD651EF93D9900773527 /* HelloWorld */,
				6BE5FD791EF93D9900773527 /* HelloWorldTests */,
				6BE5FD841EF93D9900773527 /* HelloWorldUITests */,
			);
		};
/* End PBXProject section */

/* Begin PBXResourcesBuildPhase section */
		6BE5FD641EF93D9900773527 /* Resources */ = {
			isa = PBXResourcesBuildPhase;
			buildActionMask = 2147483647;
			files = (
				6BE5FD741EF93D9900773527 /* LaunchScreen.storyboard in Resources */,
				6BE5FD711EF93D9900773527 /* Assets.xcassets in Resources */,
				6BE5FD6F1EF93D9900773527 /* Main.storyboard in Resources */,
			);
			runOnlyForDeploymentPostprocessing = 0;
		};
		6BE5FD781EF93D9900773527 /* Resources */ = {
			isa = PBXResourcesBuildPhase;
			buildActionMask = 2147483647;
			files = (
			);
			runOnlyForDeploymentPostprocessing = 0;
		};
		6BE5FD831EF93D9900773527 /* Resources */ = {
			isa = PBXResourcesBuildPhase;
			buildActionMask = 2147483647;
			files = (
			);
			runOnlyForDeploymentPostprocessing = 0;
		};
/* End PBXResourcesBuildPhase section */

/* Begin PBXSourcesBuildPhase section */
		6BE5FD621EF93D9900773527 /* Sources */ = {
			isa = PBXSourcesBuildPhase;
			buildActionMask = 2147483647;
			files = (
				6BE5FD6C1EF93D9900773527 /* ViewController.swift in Sources */,
				6BE5FD6A1EF93D9900773527 /* AppDelegate.swift in Sources */,
			);
			runOnlyForDeploymentPostprocessing = 0;
		};
		6BE5FD761EF93D9900773527 /* Sources */ = {
			isa = PBXSourcesBuildPhase;
			buildActionMask = 2147483647;
			files = (
				6BE5FD7F1EF93D9900773527 /* HelloWorldTests.swift in Sources */,
			);
			runOnlyForDeploymentPostprocessing = 0;
		};
		6BE5FD811EF93D9900773527 /* Sources */ = {
			isa = PBXSourcesBuildPhase;
			buildActionMask = 2147483647;
			files = (
				6BE5FD8A1EF93D9900773527 /* HelloWorldUITests.swift in Sources */,
			);
			runOnlyForDeploymentPostprocessing = 0;
		};
/* End PBXSourcesBuildPhase section */

/* Begin PBXTargetDependency section */
		6BE5FD7C1EF93D9900773527 /* PBXTargetDependency */ = {
			isa = PBXTargetDependency;
			target = 6BE5FD651EF93D9900773527 /* HelloWorld */;
			targetProxy = 6BE5FD7B1EF93D9900773527 /* PBXContainerItemProxy */;
		};
		6BE5FD871EF93D9900773527 /* PBXTargetDependency */ = {
			isa = PBXTargetDependency;
			target = 6BE5FD651EF93D9900773527 /* HelloWorld */;
			targetProxy = 6BE5FD861EF93D9900773527 /* PBXContainerItemProxy */;
		};
/* End PBXTargetDependency section */

/* Begin PBXVariantGroup section */
		6BE5FD6D1EF93D9900773527 /* Main.storyboard */ = {
			isa = PBXVariantGroup;
			children = (
				6BE5FD6E1EF93D9900773527 /* Base */,
			);
			name = Main.storyboard;
			sourceTree = "<group>";
		};
		6BE5FD721EF93D9900773527 /* LaunchScreen.storyboard */ = {
			isa = PBXVariantGroup;
			children = (
				6BE5FD731EF93D9900773527 /* Base */,
			);
			name = LaunchScreen.storyboard;
			sourceTree = "<group>";
		};
/* End PBXVariantGroup section */

/* Begin XCBuildConfiguration section */
		6BE5FD8C1EF93D9900773527 /* Debug */ = {
			isa = XCBuildConfiguration;
			buildSettings = {
				ALWAYS_SEARCH_USER_PATHS = NO;
				CLANG_ANALYZER_NONNULL = YES;
				CLANG_ANALYZER_NUMBER_OBJECT_CONVERSION = YES_AGGRESSIVE;
				CLANG_CXX_LANGUAGE_STANDARD = "gnu++0x";
				CLANG_CXX_LIBRARY = "libc++";
				CLANG_ENABLE_MODULES = YES;
				CLANG_ENABLE_OBJC_ARC = YES;
				CLANG_WARN_BOOL_CONVERSION = YES;
				CLANG_WARN_CONSTANT_CONVERSION = YES;
				CLANG_WARN_DIRECT_OBJC_ISA_USAGE = YES_ERROR;
				CLANG_WARN_DOCUMENTATION_COMMENTS = YES;
				CLANG_WARN_EMPTY_BODY = YES;
				CLANG_WARN_ENUM_CONVERSION = YES;
				CLANG_WARN_INFINITE_RECURSION = YES;
				CLANG_WARN_INT_CONVERSION = YES;
				CLANG_WARN_OBJC_ROOT_CLASS = YES_ERROR;
				CLANG_WARN_SUSPICIOUS_MOVE = YES;
				CLANG_WARN_UNREACHABLE_CODE = YES;
				CLANG_WARN__DUPLICATE_METHOD_MATCH = YES;
				"CODE_SIGN_IDENTITY[sdk=iphoneos*]" = "iPhone Developer";
				COPY_PHASE_STRIP = NO;
				DEBUG_INFORMATION_FORMAT = dwarf;
				ENABLE_STRICT_OBJC_MSGSEND = YES;
				ENABLE_TESTABILITY = YES;
				GCC_C_LANGUAGE_STANDARD = gnu99;
				GCC_DYNAMIC_NO_PIC = NO;
				GCC_NO_COMMON_BLOCKS = YES;
				GCC_OPTIMIZATION_LEVEL = 0;
				GCC_PREPROCESSOR_DEFINITIONS = (
					"DEBUG=1",
					"$(inherited)",
				);
				GCC_WARN_64_TO_32_BIT_CONVERSION = YES;
				GCC_WARN_ABOUT_RETURN_TYPE = YES_ERROR;
				GCC_WARN_UNDECLARED_SELECTOR = YES;
				GCC_WARN_UNINITIALIZED_AUTOS = YES_AGGRESSIVE;
				GCC_WARN_UNUSED_FUNCTION = YES;
				GCC_WARN_UNUSED_VARIABLE = YES;
				IPHONEOS_DEPLOYMENT_TARGET = 10.3;
				MTL_ENABLE_DEBUG_INFO = YES;
				ONLY_ACTIVE_ARCH = YES;
				SDKROOT = iphoneos;
				SWIFT_ACTIVE_COMPILATION_CONDITIONS = DEBUG;
				SWIFT_OPTIMIZATION_LEVEL = "-Onone";
			};
			name = Debug;
		};
		6BE5FD8D1EF93D9900773527 /* Release */ = {
			isa = XCBuildConfiguration;
			buildSettings = {
				ALWAYS_SEARCH_USER_PATHS = NO;
				CLANG_ANALYZER_NONNULL = YES;
				CLANG_ANALYZER_NUMBER_OBJECT_CONVERSION = YES_AGGRESSIVE;
				CLANG_CXX_LANGUAGE_STANDARD = "gnu++0x";
				CLANG_CXX_LIBRARY = "libc++";
				CLANG_ENABLE_MODULES = YES;
				CLANG_ENABLE_OBJC_ARC = YES;
				CLANG_WARN_BOOL_CONVERSION = YES;
				CLANG_WARN_CONSTANT_CONVERSION = YES;
				CLANG_WARN_DIRECT_OBJC_ISA_USAGE = YES_ERROR;
				CLANG_WARN_DOCUMENTATION_COMMENTS = YES;
				CLANG_WARN_EMPTY_BODY = YES;
				CLANG_WARN_ENUM_CONVERSION = YES;
				CLANG_WARN_INFINITE_RECURSION = YES;
				CLANG_WARN_INT_CONVERSION = YES;
				CLANG_WARN_OBJC_ROOT_CLASS = YES_ERROR;
				CLANG_WARN_SUSPICIOUS_MOVE = YES;
				CLANG_WARN_UNREACHABLE_CODE = YES;
				CLANG_WARN__DUPLICATE_METHOD_MATCH = YES;
				"CODE_SIGN_IDENTITY[sdk=iphoneos*]" = "iPhone Developer";
				COPY_PHASE_STRIP = NO;
				DEBUG_INFORMATION_FORMAT = "dwarf-with-dsym";
				ENABLE_NS_ASSERTIONS = NO;
				ENABLE_STRICT_OBJC_MSGSEND = YES;
				GCC_C_LANGUAGE_STANDARD = gnu99;
				GCC_NO_COMMON_BLOCKS = YES;
				GCC_WARN_64_TO_32_BIT_CONVERSION = YES;
				GCC_WARN_ABOUT_RETURN_TYPE = YES_ERROR;
				GCC_WARN_UNDECLARED_SELECTOR = YES;
				GCC_WARN_UNINITIALIZED_AUTOS = YES_AGGRESSIVE;
				GCC_WARN_UNUSED_FUNCTION = YES;
				GCC_WARN_UNUSED_VARIABLE = YES;
				IPHONEOS_DEPLOYMENT_TARGET = 10.3;
				MTL_ENABLE_DEBUG_INFO = NO;
				SDKROOT = iphoneos;
				SWIFT_OPTIMIZATION_LEVEL = "-Owholemodule";
				VALIDATE_PRODUCT = YES;
			};
			name = Release;
		};
		6BE5FD8F1EF93D9900773527 /* Debug */ = {
			isa = XCBuildConfiguration;
			buildSettings = {
				ASSETCATALOG_COMPILER_APPICON_NAME = AppIcon;
				INFOPLIST_FILE = HelloWorld/Info.plist;
				LD_RUNPATH_SEARCH_PATHS = "$(inherited) @executable_path/Frameworks";
				PRODUCT_BUNDLE_IDENTIFIER = jp.techacademy.takashi0724.HelloWorld;
				PRODUCT_NAME = "$(TARGET_NAME)";
				SWIFT_VERSION = 3.0;
			};
			name = Debug;
		};
		6BE5FD901EF93D9900773527 /* Release */ = {
			isa = XCBuildConfiguration;
			buildSettings = {
				ASSETCATALOG_COMPILER_APPICON_NAME = AppIcon;
				INFOPLIST_FILE = HelloWorld/Info.plist;
				LD_RUNPATH_SEARCH_PATHS = "$(inherited) @executable_path/Frameworks";
				PRODUCT_BUNDLE_IDENTIFIER = jp.techacademy.takashi0724.HelloWorld;
				PRODUCT_NAME = "$(TARGET_NAME)";
				SWIFT_VERSION = 3.0;
			};
			name = Release;
		};
		6BE5FD921EF93D9900773527 /* Debug */ = {
			isa = XCBuildConfiguration;
			buildSettings = {
				ALWAYS_EMBED_SWIFT_STANDARD_LIBRARIES = YES;
				BUNDLE_LOADER = "$(TEST_HOST)";
				INFOPLIST_FILE = HelloWorldTests/Info.plist;
				LD_RUNPATH_SEARCH_PATHS = "$(inherited) @executable_path/Frameworks @loader_path/Frameworks";
				PRODUCT_BUNDLE_IDENTIFIER = jp.techacademy.takashi0724.HelloWorldTests;
				PRODUCT_NAME = "$(TARGET_NAME)";
				SWIFT_VERSION = 3.0;
				TEST_HOST = "$(BUILT_PRODUCTS_DIR)/HelloWorld.app/HelloWorld";
			};
			name = Debug;
		};
		6BE5FD931EF93D9900773527 /* Release */ = {
			isa = XCBuildConfiguration;
			buildSettings = {
				ALWAYS_EMBED_SWIFT_STANDARD_LIBRARIES = YES;
				BUNDLE_LOADER = "$(TEST_HOST)";
				INFOPLIST_FILE = HelloWorldTests/Info.plist;
				LD_RUNPATH_SEARCH_PATHS = "$(inherited) @executable_path/Frameworks @loader_path/Frameworks";
				PRODUCT_BUNDLE_IDENTIFIER = jp.techacademy.takashi0724.HelloWorldTests;
				PRODUCT_NAME = "$(TARGET_NAME)";
				SWIFT_VERSION = 3.0;
				TEST_HOST = "$(BUILT_PRODUCTS_DIR)/HelloWorld.app/HelloWorld";
			};
			name = Release;
		};
		6BE5FD951EF93D9900773527 /* Debug */ = {
			isa = XCBuildConfiguration;
			buildSettings = {
				ALWAYS_EMBED_SWIFT_STANDARD_LIBRARIES = YES;
				INFOPLIST_FILE = HelloWorldUITests/Info.plist;
				LD_RUNPATH_SEARCH_PATHS = "$(inherited) @executable_path/Frameworks @loader_path/Frameworks";
				PRODUCT_BUNDLE_IDENTIFIER = jp.techacademy.takashi0724.HelloWorldUITests;
				PRODUCT_NAME = "$(TARGET_NAME)";
				SWIFT_VERSION = 3.0;
				TEST_TARGET_NAME = HelloWorld;
			};
			name = Debug;
		};
		6BE5FD961EF93D9900773527 /* Release */ = {
			isa = XCBuildConfiguration;
			buildSettings = {
				ALWAYS_EMBED_SWIFT_STANDARD_LIBRARIES = YES;
				INFOPLIST_FILE = HelloWorldUITests/Info.plist;
				LD_RUNPATH_SEARCH_PATHS = "$(inherited) @executable_path/Frameworks @loader_path/Frameworks";
				PRODUCT_BUNDLE_IDENTIFIER = jp.techacademy.takashi0724.HelloWorldUITests;
				PRODUCT_NAME = "$(TARGET_NAME)";
				SWIFT_VERSION = 3.0;
				TEST_TARGET_NAME = HelloWorld;
			};
			name = Release;
		};
/* End XCBuildConfiguration section */

/* Begin XCConfigurationList section */
		6BE5FD611EF93D9900773527 /* Build configuration list for PBXProject "HelloWorld" */ = {
			isa = XCConfigurationList;
			buildConfigurations = (
				6BE5FD8C1EF93D9900773527 /* Debug */,
				6BE5FD8D1EF93D9900773527 /* Release */,
			);
			defaultConfigurationIsVisible = 0;
			defaultConfigurationName = Release;
		};
		6BE5FD8E1EF93D9900773527 /* Build configuration list for PBXNativeTarget "HelloWorld" */ = {
			isa = XCConfigurationList;
			buildConfigurations = (
				6BE5FD8F1EF93D9900773527 /* Debug */,
				6BE5FD901EF93D9900773527 /* Release */,
			);
			defaultConfigurationIsVisible = 0;
		};
		6BE5FD911EF93D9900773527 /* Build configuration list for PBXNativeTarget "HelloWorldTests" */ = {
			isa = XCConfigurationList;
			buildConfigurations = (
				6BE5FD921EF93D9900773527 /* Debug */,
				6BE5FD931EF93D9900773527 /* Release */,
			);
			defaultConfigurationIsVisible = 0;
		};
		6BE5FD941EF93D9900773527 /* Build configuration list for PBXNativeTarget "HelloWorldUITests" */ = {
			isa = XCConfigurationList;
			buildConfigurations = (
				6BE5FD951EF93D9900773527 /* Debug */,
				6BE5FD961EF93D9900773527 /* Release */,
			);
			defaultConfigurationIsVisible = 0;
		};
/* End XCConfigurationList section */
	};
	rootObject = 6BE5FD5E1EF93D9900773527 /* Project object */;
}
